{
  "version": 4,
  "terraform_version": "1.2.1",
  "serial": 23,
  "lineage": "a65b8f5e-7686-ff88-b495-a56580cdaabe",
  "outputs": {
    "playlist_url": {
      "value": "https://open.spotify.com/playlist/1onUKQ9TDwQwSEckoSp8fW",
      "type": "string"
    }
  },
  "resources": [
    {
      "mode": "data",
      "type": "spotify_search_track",
      "name": "by_artist",
      "provider": "provider[\"registry.terraform.io/conradludgate/spotify\"]",
      "instances": [
        {
          "schema_version": 0,
          "attributes": {
            "album": null,
            "artist": "Dolly Parton",
            "explicit": true,
            "id": "1653605926",
            "limit": 10,
            "name": null,
            "tracks": [
              {
                "album": "64Ky1tqKPfwxhJs6msphWd",
                "artists": [
                  "32vWCbZh0xZ4o9gkz4PsEU"
                ],
                "id": "4w3tQBXhn5345eUXDGBWZG",
                "name": "9 to 5"
              },
              {
                "album": "3b3xKNoWtZLWdxuaL0sKCs",
                "artists": [
                  "32vWCbZh0xZ4o9gkz4PsEU",
                  "4tw2Lmn9tTPUv7Gy7mVPI4"
                ],
                "id": "6dnco8haegnJYtylV26cBq",
                "name": "Islands In the Stream"
              },
              {
                "album": "5DyOxuvdSmTSNAmkfcsBsj",
                "artists": [
                  "32vWCbZh0xZ4o9gkz4PsEU"
                ],
                "id": "2SpEHTbUuebeLkgs9QB7Ue",
                "name": "Jolene"
              },
              {
                "album": "2v2iR6vtrLVTyiNIEsv5Sg",
                "artists": [
                  "32vWCbZh0xZ4o9gkz4PsEU"
                ],
                "id": "5fdhThPDe6jQQDqCyWrdAn",
                "name": "Jolene"
              },
              {
                "album": "64yIGFoYJVg66fRXIxIYJr",
                "artists": [
                  "32vWCbZh0xZ4o9gkz4PsEU"
                ],
                "id": "6H7nDglS6xWpRidbhMwI2L",
                "name": "Here You Come Again"
              },
              {
                "album": "5DyOxuvdSmTSNAmkfcsBsj",
                "artists": [
                  "32vWCbZh0xZ4o9gkz4PsEU"
                ],
                "id": "6nRvgo4ySezQKD1D7NIqAu",
                "name": "I Will Always Love You"
              },
              {
                "album": "17CT6ru3CyDXAi6xVaSUzg",
                "artists": [
                  "32vWCbZh0xZ4o9gkz4PsEU"
                ],
                "id": "1l2Xmg54EUr3TDzNIaCr1z",
                "name": "Coat of Many Colors"
              },
              {
                "album": "10jK6LkJr9Dav78dhsXZJY",
                "artists": [
                  "32vWCbZh0xZ4o9gkz4PsEU"
                ],
                "id": "5oheUEVCpJllnImTs5nNiS",
                "name": "Why'd You Come in Here Lookin' Like That"
              },
              {
                "album": "2v2iR6vtrLVTyiNIEsv5Sg",
                "artists": [
                  "32vWCbZh0xZ4o9gkz4PsEU"
                ],
                "id": "77bNe6jYY8yHdP7orXrz5I",
                "name": "I Will Always Love You"
              },
              {
                "album": "1GisbvCqXtNW2ntajcMNdB",
                "artists": [
                  "32vWCbZh0xZ4o9gkz4PsEU"
                ],
                "id": "60XKXfrjh0qhAHw4QfNO6j",
                "name": "Just Because I'm a Woman"
              }
            ],
            "year": null
          },
          "sensitive_attributes": []
        }
      ]
    },
    {
      "mode": "data",
      "type": "spotify_track",
      "name": "believer_song",
      "provider": "provider[\"registry.terraform.io/conradludgate/spotify\"]",
      "instances": [
        {
          "schema_version": 0,
          "attributes": {
            "album": "33pt9HBdGlAbRGBHQgsZsU",
            "artists": [
              "53XhwfbYqKCa1cC15pYq2q"
            ],
            "id": "0pqnGHJpmpxLKifKRmU6WP",
            "name": "Believer",
            "spotify_id": "0pqnGHJpmpxLKifKRmU6WP",
            "url": null
          },
          "sensitive_attributes": []
        }
      ]
    },
    {
      "mode": "data",
      "type": "spotify_track",
      "name": "dont_let_me_down_song",
      "provider": "provider[\"registry.terraform.io/conradludgate/spotify\"]",
      "instances": [
        {
          "schema_version": 0,
          "attributes": {
            "album": "2SByipSK8eZ2pasaIwwzhf",
            "artists": [
              "69GGBxA162lTqCwzJG5jLp",
              "6Dd3NScHWwnW6obMFbl1BH"
            ],
            "id": "1i1fxkWeaMmKEB4T7zqbzK",
            "name": "Don't Let Me Down",
            "spotify_id": "1i1fxkWeaMmKEB4T7zqbzK",
            "url": null
          },
          "sensitive_attributes": []
        }
      ]
    },
    {
      "mode": "data",
      "type": "spotify_track",
      "name": "jerusalema_song",
      "provider": "provider[\"registry.terraform.io/conradludgate/spotify\"]",
      "instances": [
        {
          "schema_version": 0,
          "attributes": {
            "album": "0bRAth39i98n7qrxubZ00K",
            "artists": [
              "523y9KSneKh6APd1hKxLuF",
              "4cfKtwkefMW3aiXtxfw8w6"
            ],
            "id": "2MlOUXmcofMackX3bxfSwi",
            "name": "Jerusalema (feat. Nomcebo Zikode)",
            "spotify_id": "2MlOUXmcofMackX3bxfSwi",
            "url": null
          },
          "sensitive_attributes": []
        }
      ]
    },
    {
      "mode": "data",
      "type": "spotify_track",
      "name": "start_over_song",
      "provider": "provider[\"registry.terraform.io/conradludgate/spotify\"]",
      "instances": [
        {
          "schema_version": 0,
          "attributes": {
            "album": "33pt9HBdGlAbRGBHQgsZsU",
            "artists": [
              "53XhwfbYqKCa1cC15pYq2q"
            ],
            "id": "2Iug43iQrHN8CbGsUd2tEt",
            "name": "Start Over",
            "spotify_id": "2Iug43iQrHN8CbGsUd2tEt",
            "url": null
          },
          "sensitive_attributes": []
        }
      ]
    },
    {
      "mode": "data",
      "type": "spotify_track",
      "name": "thunder_song",
      "provider": "provider[\"registry.terraform.io/conradludgate/spotify\"]",
      "instances": [
        {
          "schema_version": 0,
          "attributes": {
            "album": "33pt9HBdGlAbRGBHQgsZsU",
            "artists": [
              "53XhwfbYqKCa1cC15pYq2q"
            ],
            "id": "1zB4vmk8tFRmM9UULNzbLB",
            "name": "Thunder",
            "spotify_id": "1zB4vmk8tFRmM9UULNzbLB",
            "url": null
          },
          "sensitive_attributes": []
        }
      ]
    },
    {
      "mode": "managed",
      "type": "spotify_playlist",
      "name": "playlist",
      "provider": "provider[\"registry.terraform.io/conradludgate/spotify\"]",
      "instances": [
        {
          "schema_version": 0,
          "attributes": {
            "description": "This playlist was created by Terraform",
            "id": "1onUKQ9TDwQwSEckoSp8fW",
            "name": "Vasubabu Playlist",
            "public": true,
            "snapshot_id": "Niw3Njg0M2Q2NGFiMDI4NDg5YzQzYmQwYWY2YmIzZTBmZGZiY2Q5MWM2",
            "tracks": [
              "0pqnGHJpmpxLKifKRmU6WP",
              "1zB4vmk8tFRmM9UULNzbLB",
              "2Iug43iQrHN8CbGsUd2tEt",
              "2MlOUXmcofMackX3bxfSwi",
              "1i1fxkWeaMmKEB4T7zqbzK"
            ]
          },
          "sensitive_attributes": [],
          "private": "bnVsbA==",
          "dependencies": [
            "data.spotify_track.believer_song",
            "data.spotify_track.dont_let_me_down_song",
            "data.spotify_track.jerusalema_song",
            "data.spotify_track.start_over_song",
            "data.spotify_track.thunder_song"
          ]
        }
      ]
    }
  ]
}
